
Microsoft Visual Studio Solution File, Format Version 12.00
# Visual Studio 15
Project("{FAE04EC0-301F-11D3-BF4B-00C04F79EFBC}") = "Assembly-CSharp", "Assembly-CSharp.csproj", "{DB5FFD07-2F39-CDAC-7C11-016A1810115F}"
EndProject
Project("{FAE04EC0-301F-11D3-BF4B-00C04F79EFBC}") = "NavMeshComponents", "NavMeshComponents.csproj", "{8BB3CEF1-8937-0F4E-BB9C-FC6945DF1740}"
EndProject
Project("{FAE04EC0-301F-11D3-BF4B-00C04F79EFBC}") = "NavMeshComponentsExamples", "NavMeshComponentsExamples.csproj", "{E33EE907-B0E5-D35E-D0C4-8B61D271C2FA}"
EndProject
Project("{FAE04EC0-301F-11D3-BF4B-00C04F79EFBC}") = "NavMeshComponentsTestsPlaymode", "NavMeshComponentsTestsPlaymode.csproj", "{35831ABF-77F6-1DDC-C241-3775AA81B198}"
EndProject
Project("{FAE04EC0-301F-11D3-BF4B-00C04F79EFBC}") = "Assembly-CSharp-Editor", "Assembly-CSharp-Editor.csproj", "{6080FB58-AFE3-0FE9-9009-6B58FB0BEF80}"
EndProject
Project("{FAE04EC0-301F-11D3-BF4B-00C04F79EFBC}") = "NavMeshComponentsEditor", "NavMeshComponentsEditor.csproj", "{5B58944C-421C-958B-AC6E-33C25621EE0B}"
EndProject
Project("{FAE04EC0-301F-11D3-BF4B-00C04F79EFBC}") = "NavMeshComponentsExamplesEditor", "NavMeshComponentsExamplesEditor.csproj", "{9246B8E0-2058-DA61-A053-211E970E10E7}"
EndProject
Project("{FAE04EC0-301F-11D3-BF4B-00C04F79EFBC}") = "NavMeshComponentsTestsEditmode", "NavMeshComponentsTestsEditmode.csproj", "{E86CBBD6-E2D5-0E2C-7062-6B81F56D0A19}"
EndProject
Global
	GlobalSection(SolutionConfigurationPlatforms) = preSolution
		Debug|Any CPU = Debug|Any CPU
		Release|Any CPU = Release|Any CPU
	EndGlobalSection
	GlobalSection(ProjectConfigurationPlatforms) = postSolution
		{DB5FFD07-2F39-CDAC-7C11-016A1810115F}.Debug|Any CPU.ActiveCfg = Debug|Any CPU
		{DB5FFD07-2F39-CDAC-7C11-016A1810115F}.Debug|Any CPU.Build.0 = Debug|Any CPU
		{DB5FFD07-2F39-CDAC-7C11-016A1810115F}.Release|Any CPU.ActiveCfg = Release|Any CPU
		{DB5FFD07-2F39-CDAC-7C11-016A1810115F}.Release|Any CPU.Build.0 = Release|Any CPU
		{8BB3CEF1-8937-0F4E-BB9C-FC6945DF1740}.Debug|Any CPU.ActiveCfg = Debug|Any CPU
		{8BB3CEF1-8937-0F4E-BB9C-FC6945DF1740}.Debug|Any CPU.Build.0 = Debug|Any CPU
		{8BB3CEF1-8937-0F4E-BB9C-FC6945DF1740}.Release|Any CPU.ActiveCfg = Release|Any CPU
		{8BB3CEF1-8937-0F4E-BB9C-FC6945DF1740}.Release|Any CPU.Build.0 = Release|Any CPU
		{E33EE907-B0E5-D35E-D0C4-8B61D271C2FA}.Debug|Any CPU.ActiveCfg = Debug|Any CPU
		{E33EE907-B0E5-D35E-D0C4-8B61D271C2FA}.Debug|Any CPU.Build.0 = Debug|Any CPU
		{E33EE907-B0E5-D35E-D0C4-8B61D271C2FA}.Release|Any CPU.ActiveCfg = Release|Any CPU
		{E33EE907-B0E5-D35E-D0C4-8B61D271C2FA}.Release|Any CPU.Build.0 = Release|Any CPU
		{35831ABF-77F6-1DDC-C241-3775AA81B198}.Debug|Any CPU.ActiveCfg = Debug|Any CPU
		{35831ABF-77F6-1DDC-C241-3775AA81B198}.Debug|Any CPU.Build.0 = Debug|Any CPU
		{35831ABF-77F6-1DDC-C241-3775AA81B198}.Release|Any CPU.ActiveCfg = Release|Any CPU
		{35831ABF-77F6-1DDC-C241-3775AA81B198}.Release|Any CPU.Build.0 = Release|Any CPU
		{6080FB58-AFE3-0FE9-9009-6B58FB0BEF80}.Debug|Any CPU.ActiveCfg = Debug|Any CPU
		{6080FB58-AFE3-0FE9-9009-6B58FB0BEF80}.Debug|Any CPU.Build.0 = Debug|Any CPU
		{6080FB58-AFE3-0FE9-9009-6B58FB0BEF80}.Release|Any CPU.ActiveCfg = Release|Any CPU
		{6080FB58-AFE3-0FE9-9009-6B58FB0BEF80}.Release|Any CPU.Build.0 = Release|Any CPU
		{5B58944C-421C-958B-AC6E-33C25621EE0B}.Debug|Any CPU.ActiveCfg = Debug|Any CPU
		{5B58944C-421C-958B-AC6E-33C25621EE0B}.Debug|Any CPU.Build.0 = Debug|Any CPU
		{5B58944C-421C-958B-AC6E-33C25621EE0B}.Release|Any CPU.ActiveCfg = Release|Any CPU
		{5B58944C-421C-958B-AC6E-33C25621EE0B}.Release|Any CPU.Build.0 = Release|Any CPU
		{9246B8E0-2058-DA61-A053-211E970E10E7}.Debug|Any CPU.ActiveCfg = Debug|Any CPU
		{9246B8E0-2058-DA61-A053-211E970E10E7}.Debug|Any CPU.Build.0 = Debug|Any CPU
		{9246B8E0-2058-DA61-A053-211E970E10E7}.Release|Any CPU.ActiveCfg = Release|Any CPU
		{9246B8E0-2058-DA61-A053-211E970E10E7}.Release|Any CPU.Build.0 = Release|Any CPU
		{E86CBBD6-E2D5-0E2C-7062-6B81F56D0A19}.Debug|Any CPU.ActiveCfg = Debug|Any CPU
		{E86CBBD6-E2D5-0E2C-7062-6B81F56D0A19}.Debug|Any CPU.Build.0 = Debug|Any CPU
		{E86CBBD6-E2D5-0E2C-7062-6B81F56D0A19}.Release|Any CPU.ActiveCfg = Release|Any CPU
		{E86CBBD6-E2D5-0E2C-7062-6B81F56D0A19}.Release|Any CPU.Build.0 = Release|Any CPU
	EndGlobalSection
	GlobalSection(SolutionProperties) = preSolution
		HideSolutionNode = FALSE
	EndGlobalSection
EndGlobal
